// !$*UTF8*$!
{
	archiveVersion = 1;
	classes = {
	};
	objectVersion = 56;
	objects = {

/* Begin PBXBuildFile section */
		B447E7FA2AD0845C00921C5F /* IPTracerApp.swift in Sources */ = {isa = PBXBuildFile; fileRef = B447E7F92AD0845C00921C5F /* IPTracerApp.swift */; };
		B447E7FC2AD0845C00921C5F /* ContentView.swift in Sources */ = {isa = PBXBuildFile; fileRef = B447E7FB2AD0845C00921C5F /* ContentView.swift */; };
		B447E7FE2AD0845E00921C5F /* Assets.xcassets in Resources */ = {isa = PBXBuildFile; fileRef = B447E7FD2AD0845E00921C5F /* Assets.xcassets */; };
		B447E8012AD0845E00921C5F /* Preview Assets.xcassets in Resources */ = {isa = PBXBuildFile; fileRef = B447E8002AD0845E00921C5F /* Preview Assets.xcassets */; };
		B447E8292AD0872200921C5F /* WidgetKit.framework in Frameworks */ = {isa = PBXBuildFile; fileRef = B447E8282AD0872200921C5F /* WidgetKit.framework */; };
		B447E82B2AD0872200921C5F /* SwiftUI.framework in Frameworks */ = {isa = PBXBuildFile; fileRef = B447E82A2AD0872200921C5F /* SwiftUI.framework */; };
		B447E82E2AD0872200921C5F /* IPTracerWidgetBundle.swift in Sources */ = {isa = PBXBuildFile; fileRef = B447E82D2AD0872200921C5F /* IPTracerWidgetBundle.swift */; };
		B447E8302AD0872200921C5F /* IPTracerWidget.swift in Sources */ = {isa = PBXBuildFile; fileRef = B447E82F2AD0872200921C5F /* IPTracerWidget.swift */; };
		B447E8322AD0872300921C5F /* Assets.xcassets in Resources */ = {isa = PBXBuildFile; fileRef = B447E8312AD0872300921C5F /* Assets.xcassets */; };
		B447E8372AD0872300921C5F /* IPTracerWidgetExtension.appex in Embed Foundation Extensions */ = {isa = PBXBuildFile; fileRef = B447E8262AD0872200921C5F /* IPTracerWidgetExtension.appex */; settings = {ATTRIBUTES = (RemoveHeadersOnCopy, ); }; };
/* End PBXBuildFile section */

/* Begin PBXContainerItemProxy section */
		B447E8352AD0872300921C5F /* PBXContainerItemProxy */ = {
			isa = PBXContainerItemProxy;
			containerPortal = B447E7EE2AD0845C00921C5F /* Project object */;
			proxyType = 1;
			remoteGlobalIDString = B447E8252AD0872200921C5F;
			remoteInfo = IPTracerWidgetExtension;
		};
/* End PBXContainerItemProxy section */

/* Begin PBXCopyFilesBuildPhase section */
		B447E8382AD0872300921C5F /* Embed Foundation Extensions */ = {
			isa = PBXCopyFilesBuildPhase;
			buildActionMask = 2147483647;
			dstPath = "";
			dstSubfolderSpec = 13;
			files = (
				B447E8372AD0872300921C5F /* IPTracerWidgetExtension.appex in Embed Foundation Extensions */,
			);
			name = "Embed Foundation Extensions";
			runOnlyForDeploymentPostprocessing = 0;
		};
/* End PBXCopyFilesBuildPhase section */

/* Begin PBXFileReference section */
		B447E7F62AD0845C00921C5F /* IPTracer.app */ = {isa = PBXFileReference; explicitFileType = wrapper.application; includeInIndex = 0; path = IPTracer.app; sourceTree = BUILT_PRODUCTS_DIR; };
		B447E7F92AD0845C00921C5F /* IPTracerApp.swift */ = {isa = PBXFileReference; lastKnownFileType = sourcecode.swift; path = IPTracerApp.swift; sourceTree = "<group>"; };
		B447E7FB2AD0845C00921C5F /* ContentView.swift */ = {isa = PBXFileReference; lastKnownFileType = sourcecode.swift; path = ContentView.swift; sourceTree = "<group>"; };
		B447E7FD2AD0845E00921C5F /* Assets.xcassets */ = {isa = PBXFileReference; lastKnownFileType = folder.assetcatalog; path = Assets.xcassets; sourceTree = "<group>"; };
		B447E8002AD0845E00921C5F /* Preview Assets.xcassets */ = {isa = PBXFileReference; lastKnownFileType = folder.assetcatalog; path = "Preview Assets.xcassets"; sourceTree = "<group>"; };
		B447E8022AD0845E00921C5F /* IPTracer.entitlements */ = {isa = PBXFileReference; lastKnownFileType = text.plist.entitlements; path = IPTracer.entitlements; sourceTree = "<group>"; };
		B447E8262AD0872200921C5F /* IPTracerWidgetExtension.appex */ = {isa = PBXFileReference; explicitFileType = "wrapper.app-extension"; includeInIndex = 0; path = IPTracerWidgetExtension.appex; sourceTree = BUILT_PRODUCTS_DIR; };
		B447E8282AD0872200921C5F /* WidgetKit.framework */ = {isa = PBXFileReference; lastKnownFileType = wrapper.framework; name = WidgetKit.framework; path = System/Library/Frameworks/WidgetKit.framework; sourceTree = SDKROOT; };
		B447E82A2AD0872200921C5F /* SwiftUI.framework */ = {isa = PBXFileReference; lastKnownFileType = wrapper.framework; name = SwiftUI.framework; path = System/Library/Frameworks/SwiftUI.framework; sourceTree = SDKROOT; };
		B447E82D2AD0872200921C5F /* IPTracerWidgetBundle.swift */ = {isa = PBXFileReference; lastKnownFileType = sourcecode.swift; path = IPTracerWidgetBundle.swift; sourceTree = "<group>"; };
		B447E82F2AD0872200921C5F /* IPTracerWidget.swift */ = {isa = PBXFileReference; lastKnownFileType = sourcecode.swift; path = IPTracerWidget.swift; sourceTree = "<group>"; };
		B447E8312AD0872300921C5F /* Assets.xcassets */ = {isa = PBXFileReference; lastKnownFileType = folder.assetcatalog; path = Assets.xcassets; sourceTree = "<group>"; };
		B447E8332AD0872300921C5F /* Info.plist */ = {isa = PBXFileReference; lastKnownFileType = text.plist.xml; path = Info.plist; sourceTree = "<group>"; };
		B447E8342AD0872300921C5F /* IPTracerWidget.entitlements */ = {isa = PBXFileReference; lastKnownFileType = text.plist.entitlements; path = IPTracerWidget.entitlements; sourceTree = "<group>"; };
/* End PBXFileReference section */

/* Begin PBXFrameworksBuildPhase section */
		B447E7F32AD0845C00921C5F /* Frameworks */ = {
			isa = PBXFrameworksBuildPhase;
			buildActionMask = 2147483647;
			files = (
			);
			runOnlyForDeploymentPostprocessing = 0;
		};
		B447E8232AD0872200921C5F /* Frameworks */ = {
			isa = PBXFrameworksBuildPhase;
			buildActionMask = 2147483647;
			files = (
				B447E82B2AD0872200921C5F /* SwiftUI.framework in Frameworks */,
				B447E8292AD0872200921C5F /* WidgetKit.framework in Frameworks */,
			);
			runOnlyForDeploymentPostprocessing = 0;
		};
/* End PBXFrameworksBuildPhase section */

/* Begin PBXGroup section */
		B447E7ED2AD0845C00921C5F = {
			isa = PBXGroup;
			children = (
				B447E7F82AD0845C00921C5F /* IPTracer */,
				B447E82C2AD0872200921C5F /* IPTracerWidget */,
				B447E8272AD0872200921C5F /* Frameworks */,
				B447E7F72AD0845C00921C5F /* Products */,
			);
			sourceTree = "<group>";
		};
		B447E7F72AD0845C00921C5F /* Products */ = {
			isa = PBXGroup;
			children = (
				B447E7F62AD0845C00921C5F /* IPTracer.app */,
				B447E8262AD0872200921C5F /* IPTracerWidgetExtension.appex */,
			);
			name = Products;
			sourceTree = "<group>";
		};
		B447E7F82AD0845C00921C5F /* IPTracer */ = {
			isa = PBXGroup;
			children = (
				B447E7F92AD0845C00921C5F /* IPTracerApp.swift */,
				B447E7FB2AD0845C00921C5F /* ContentView.swift */,
				B447E7FD2AD0845E00921C5F /* Assets.xcassets */,
				B447E8022AD0845E00921C5F /* IPTracer.entitlements */,
				B447E7FF2AD0845E00921C5F /* Preview Content */,
			);
			path = IPTracer;
			sourceTree = "<group>";
		};
		B447E7FF2AD0845E00921C5F /* Preview Content */ = {
			isa = PBXGroup;
			children = (
				B447E8002AD0845E00921C5F /* Preview Assets.xcassets */,
			);
			path = "Preview Content";
			sourceTree = "<group>";
		};
		B447E8272AD0872200921C5F /* Frameworks */ = {
			isa = PBXGroup;
			children = (
				B447E8282AD0872200921C5F /* WidgetKit.framework */,
				B447E82A2AD0872200921C5F /* SwiftUI.framework */,
			);
			name = Frameworks;
			sourceTree = "<group>";
		};
		B447E82C2AD0872200921C5F /* IPTracerWidget */ = {
			isa = PBXGroup;
			children = (
				B447E82D2AD0872200921C5F /* IPTracerWidgetBundle.swift */,
				B447E82F2AD0872200921C5F /* IPTracerWidget.swift */,
				B447E8312AD0872300921C5F /* Assets.xcassets */,
				B447E8332AD0872300921C5F /* Info.plist */,
				B447E8342AD0872300921C5F /* IPTracerWidget.entitlements */,
			);
			path = IPTracerWidget;
			sourceTree = "<group>";
		};
/* End PBXGroup section */

/* Begin PBXNativeTarget section */
		B447E7F52AD0845C00921C5F /* IPTracer */ = {
			isa = PBXNativeTarget;
			buildConfigurationList = B447E8052AD0845E00921C5F /* Build configuration list for PBXNativeTarget "IPTracer" */;
			buildPhases = (
				B447E7F22AD0845C00921C5F /* Sources */,
				B447E7F32AD0845C00921C5F /* Frameworks */,
				B447E7F42AD0845C00921C5F /* Resources */,
				B447E8382AD0872300921C5F /* Embed Foundation Extensions */,
			);
			buildRules = (
			);
			dependencies = (
				B447E8362AD0872300921C5F /* PBXTargetDependency */,
			);
			name = IPTracer;
			productName = IPTracer;
			productReference = B447E7F62AD0845C00921C5F /* IPTracer.app */;
			productType = "com.apple.product-type.application";
		};
		B447E8252AD0872200921C5F /* IPTracerWidgetExtension */ = {
			isa = PBXNativeTarget;
			buildConfigurationList = B447E83B2AD0872300921C5F /* Build configuration list for PBXNativeTarget "IPTracerWidgetExtension" */;
			buildPhases = (
				B447E8222AD0872200921C5F /* Sources */,
				B447E8232AD0872200921C5F /* Frameworks */,
				B447E8242AD0872200921C5F /* Resources */,
			);
			buildRules = (
			);
			dependencies = (
			);
			name = IPTracerWidgetExtension;
			productName = IPTracerWidgetExtension;
			productReference = B447E8262AD0872200921C5F /* IPTracerWidgetExtension.appex */;
			productType = "com.apple.product-type.app-extension";
		};
/* End PBXNativeTarget section */

/* Begin PBXProject section */
		B447E7EE2AD0845C00921C5F /* Project object */ = {
			isa = PBXProject;
			attributes = {
				BuildIndependentTargetsInParallel = 1;
				LastSwiftUpdateCheck = 1500;
				LastUpgradeCheck = 1500;
				TargetAttributes = {
					B447E7F52AD0845C00921C5F = {
						CreatedOnToolsVersion = 15.0;
					};
					B447E8252AD0872200921C5F = {
						CreatedOnToolsVersion = 15.0;
					};
				};
			};
			buildConfigurationList = B447E7F12AD0845C00921C5F /* Build configuration list for PBXProject "IPTracer" */;
			compatibilityVersion = "Xcode 14.0";
			developmentRegion = en;
			hasScannedForEncodings = 0;
			knownRegions = (
				en,
				Base,
			);
			mainGroup = B447E7ED2AD0845C00921C5F;
			productRefGroup = B447E7F72AD0845C00921C5F /* Products */;
			projectDirPath = "";
			projectRoot = "";
			targets = (
				B447E7F52AD0845C00921C5F /* IPTracer */,
				B447E8252AD0872200921C5F /* IPTracerWidgetExtension */,
			);
		};
/* End PBXProject section */

/* Begin PBXResourcesBuildPhase section */
		B447E7F42AD0845C00921C5F /* Resources */ = {
			isa = PBXResourcesBuildPhase;
			buildActionMask = 2147483647;
			files = (
				B447E8012AD0845E00921C5F /* Preview Assets.xcassets in Resources */,
				B447E7FE2AD0845E00921C5F /* Assets.xcassets in Resources */,
			);
			runOnlyForDeploymentPostprocessing = 0;
		};
		B447E8242AD0872200921C5F /* Resources */ = {
			isa = PBXResourcesBuildPhase;
			buildActionMask = 2147483647;
			files = (
				B447E8322AD0872300921C5F /* Assets.xcassets in Resources */,
			);
			runOnlyForDeploymentPostprocessing = 0;
		};
/* End PBXResourcesBuildPhase section */

/* Begin PBXSourcesBuildPhase section */
		B447E7F22AD0845C00921C5F /* Sources */ = {
			isa = PBXSourcesBuildPhase;
			buildActionMask = 2147483647;
			files = (
				B447E7FC2AD0845C00921C5F /* ContentView.swift in Sources */,
				B447E7FA2AD0845C00921C5F /* IPTracerApp.swift in Sources */,
			);
			runOnlyForDeploymentPostprocessing = 0;
		};
		B447E8222AD0872200921C5F /* Sources */ = {
			isa = PBXSourcesBuildPhase;
			buildActionMask = 2147483647;
			files = (
				B447E82E2AD0872200921C5F /* IPTracerWidgetBundle.swift in Sources */,
				B447E8302AD0872200921C5F /* IPTracerWidget.swift in Sources */,
			);
			runOnlyForDeploymentPostprocessing = 0;
		};
/* End PBXSourcesBuildPhase section */

/* Begin PBXTargetDependency section */
		B447E8362AD0872300921C5F /* PBXTargetDependency */ = {
			isa = PBXTargetDependency;
			target = B447E8252AD0872200921C5F /* IPTracerWidgetExtension */;
			targetProxy = B447E8352AD0872300921C5F /* PBXContainerItemProxy */;
		};
/* End PBXTargetDependency section */

/* Begin XCBuildConfiguration section */
		B447E8032AD0845E00921C5F /* Debug */ = {
			isa = XCBuildConfiguration;
			buildSettings = {
				ALWAYS_SEARCH_USER_PATHS = NO;
				ASSETCATALOG_COMPILER_GENERATE_SWIFT_ASSET_SYMBOL_EXTENSIONS = YES;
				CLANG_ANALYZER_NONNULL = YES;
				CLANG_ANALYZER_NUMBER_OBJECT_CONVERSION = YES_AGGRESSIVE;
				CLANG_CXX_LANGUAGE_STANDARD = "gnu++20";
				CLANG_ENABLE_MODULES = YES;
				CLANG_ENABLE_OBJC_ARC = YES;
				CLANG_ENABLE_OBJC_WEAK = YES;
				CLANG_WARN_BLOCK_CAPTURE_AUTORELEASING = YES;
				CLANG_WARN_BOOL_CONVERSION = YES;
				CLANG_WARN_COMMA = YES;
				CLANG_WARN_CONSTANT_CONVERSION = YES;
				CLANG_WARN_DEPRECATED_OBJC_IMPLEMENTATIONS = YES;
				CLANG_WARN_DIRECT_OBJC_ISA_USAGE = YES_ERROR;
				CLANG_WARN_DOCUMENTATION_COMMENTS = YES;
				CLANG_WARN_EMPTY_BODY = YES;
				CLANG_WARN_ENUM_CONVERSION = YES;
				CLANG_WARN_INFINITE_RECURSION = YES;
				CLANG_WARN_INT_CONVERSION = YES;
				CLANG_WARN_NON_LITERAL_NULL_CONVERSION = YES;
				CLANG_WARN_OBJC_IMPLICIT_RETAIN_SELF = YES;
				CLANG_WARN_OBJC_LITERAL_CONVERSION = YES;
				CLANG_WARN_OBJC_ROOT_CLASS = YES_ERROR;
				CLANG_WARN_QUOTED_INCLUDE_IN_FRAMEWORK_HEADER = YES;
				CLANG_WARN_RANGE_LOOP_ANALYSIS = YES;
				CLANG_WARN_STRICT_PROTOTYPES = YES;
				CLANG_WARN_SUSPICIOUS_MOVE = YES;
				CLANG_WARN_UNGUARDED_AVAILABILITY = YES_AGGRESSIVE;
				CLANG_WARN_UNREACHABLE_CODE = YES;
				CLANG_WARN__DUPLICATE_METHOD_MATCH = YES;
				COPY_PHASE_STRIP = NO;
				DEBUG_INFORMATION_FORMAT = dwarf;
				ENABLE_STRICT_OBJC_MSGSEND = YES;
				ENABLE_TESTABILITY = YES;
				ENABLE_USER_SCRIPT_SANDBOXING = YES;
				GCC_C_LANGUAGE_STANDARD = gnu17;
				GCC_DYNAMIC_NO_PIC = NO;
				GCC_NO_COMMON_BLOCKS = YES;
				GCC_OPTIMIZATION_LEVEL = 0;
				GCC_PREPROCESSOR_DEFINITIONS = (
					"DEBUG=1",
					"$(inherited)",
				);
				GCC_WARN_64_TO_32_BIT_CONVERSION = YES;
				GCC_WARN_ABOUT_RETURN_TYPE = YES_ERROR;
				GCC_WARN_UNDECLARED_SELECTOR = YES;
				GCC_WARN_UNINITIALIZED_AUTOS = YES_AGGRESSIVE;
				GCC_WARN_UNUSED_FUNCTION = YES;
				GCC_WARN_UNUSED_VARIABLE = YES;
				LOCALIZATION_PREFERS_STRING_CATALOGS = YES;
				MACOSX_DEPLOYMENT_TARGET = 14.0;
				MTL_ENABLE_DEBUG_INFO = INCLUDE_SOURCE;
				MTL_FAST_MATH = YES;
				ONLY_ACTIVE_ARCH = YES;
				SDKROOT = macosx;
				SWIFT_ACTIVE_COMPILATION_CONDITIONS = "DEBUG $(inherited)";
				SWIFT_OPTIMIZATION_LEVEL = "-Onone";
			};
			name = Debug;
		};
		B447E8042AD0845E00921C5F /* Release */ = {
			isa = XCBuildConfiguration;
			buildSettings = {
				ALWAYS_SEARCH_USER_PATHS = NO;
				ASSETCATALOG_COMPILER_GENERATE_SWIFT_ASSET_SYMBOL_EXTENSIONS = YES;
				CLANG_ANALYZER_NONNULL = YES;
				CLANG_ANALYZER_NUMBER_OBJECT_CONVERSION = YES_AGGRESSIVE;
				CLANG_CXX_LANGUAGE_STANDARD = "gnu++20";
				CLANG_ENABLE_MODULES = YES;
				CLANG_ENABLE_OBJC_ARC = YES;
				CLANG_ENABLE_OBJC_WEAK = YES;
				CLANG_WARN_BLOCK_CAPTURE_AUTORELEASING = YES;
				CLANG_WARN_BOOL_CONVERSION = YES;
				CLANG_WARN_COMMA = YES;
				CLANG_WARN_CONSTANT_CONVERSION = YES;
				CLANG_WARN_DEPRECATED_OBJC_IMPLEMENTATIONS = YES;
				CLANG_WARN_DIRECT_OBJC_ISA_USAGE = YES_ERROR;
				CLANG_WARN_DOCUMENTATION_COMMENTS = YES;
				CLANG_WARN_EMPTY_BODY = YES;
				CLANG_WARN_ENUM_CONVERSION = YES;
				CLANG_WARN_INFINITE_RECURSION = YES;
				CLANG_WARN_INT_CONVERSION = YES;
				CLANG_WARN_NON_LITERAL_NULL_CONVERSION = YES;
				CLANG_WARN_OBJC_IMPLICIT_RETAIN_SELF = YES;
				CLANG_WARN_OBJC_LITERAL_CONVERSION = YES;
				CLANG_WARN_OBJC_ROOT_CLASS = YES_ERROR;
				CLANG_WARN_QUOTED_INCLUDE_IN_FRAMEWORK_HEADER = YES;
				CLANG_WARN_RANGE_LOOP_ANALYSIS = YES;
				CLANG_WARN_STRICT_PROTOTYPES = YES;
				CLANG_WARN_SUSPICIOUS_MOVE = YES;
				CLANG_WARN_UNGUARDED_AVAILABILITY = YES_AGGRESSIVE;
				CLANG_WARN_UNREACHABLE_CODE = YES;
				CLANG_WARN__DUPLICATE_METHOD_MATCH = YES;
				COPY_PHASE_STRIP = NO;
				DEBUG_INFORMATION_FORMAT = "dwarf-with-dsym";
				ENABLE_NS_ASSERTIONS = NO;
				ENABLE_STRICT_OBJC_MSGSEND = YES;
				ENABLE_USER_SCRIPT_SANDBOXING = YES;
				GCC_C_LANGUAGE_STANDARD = gnu17;
				GCC_NO_COMMON_BLOCKS = YES;
				GCC_WARN_64_TO_32_BIT_CONVERSION = YES;
				GCC_WARN_ABOUT_RETURN_TYPE = YES_ERROR;
				GCC_WARN_UNDECLARED_SELECTOR = YES;
				GCC_WARN_UNINITIALIZED_AUTOS = YES_AGGRESSIVE;
				GCC_WARN_UNUSED_FUNCTION = YES;
				GCC_WARN_UNUSED_VARIABLE = YES;
				LOCALIZATION_PREFERS_STRING_CATALOGS = YES;
				MACOSX_DEPLOYMENT_TARGET = 14.0;
				MTL_ENABLE_DEBUG_INFO = NO;
				MTL_FAST_MATH = YES;
				SDKROOT = macosx;
				SWIFT_COMPILATION_MODE = wholemodule;
			};
			name = Release;
		};
		B447E8062AD0845E00921C5F /* Debug */ = {
			isa = XCBuildConfiguration;
			buildSettings = {
				ALWAYS_EMBED_SWIFT_STANDARD_LIBRARIES = YES;
				ASSETCATALOG_COMPILER_APPICON_NAME = AppIcon;
				ASSETCATALOG_COMPILER_GLOBAL_ACCENT_COLOR_NAME = AccentColor;
				CODE_SIGN_ENTITLEMENTS = IPTracer/IPTracer.entitlements;
				CODE_SIGN_STYLE = Automatic;
				COMBINE_HIDPI_IMAGES = YES;
				CURRENT_PROJECT_VERSION = 1;
				DEVELOPMENT_ASSET_PATHS = "\"IPTracer/Preview Content\"";
				DEVELOPMENT_TEAM = 5R2BYUYG9K;
				ENABLE_HARDENED_RUNTIME = YES;
				ENABLE_PREVIEWS = YES;
				GENERATE_INFOPLIST_FILE = YES;
				INFOPLIST_KEY_NSHumanReadableCopyright = "";
				LD_RUNPATH_SEARCH_PATHS = (
					"$(inherited)",
					"@executable_path/../Frameworks",
				);
				MARKETING_VERSION = 1.0;
				PRODUCT_BUNDLE_IDENTIFIER = com.dominikrudzki..IPTracer;
				PRODUCT_NAME = "$(TARGET_NAME)";
				SWIFT_EMIT_LOC_STRINGS = YES;
				SWIFT_VERSION = 5.0;
			};
			name = Debug;
		};
		B447E8072AD0845E00921C5F /* Release */ = {
			isa = XCBuildConfiguration;
			buildSettings = {
				ALWAYS_EMBED_SWIFT_STANDARD_LIBRARIES = YES;
				ASSETCATALOG_COMPILER_APPICON_NAME = AppIcon;
				ASSETCATALOG_COMPILER_GLOBAL_ACCENT_COLOR_NAME = AccentColor;
				CODE_SIGN_ENTITLEMENTS = IPTracer/IPTracer.entitlements;
				CODE_SIGN_STYLE = Automatic;
				COMBINE_HIDPI_IMAGES = YES;
				CURRENT_PROJECT_VERSION = 1;
				DEVELOPMENT_ASSET_PATHS = "\"IPTracer/Preview Content\"";
				DEVELOPMENT_TEAM = 5R2BYUYG9K;
				ENABLE_HARDENED_RUNTIME = YES;
				ENABLE_PREVIEWS = YES;
				GENERATE_INFOPLIST_FILE = YES;
				INFOPLIST_KEY_NSHumanReadableCopyright = "";
				LD_RUNPATH_SEARCH_PATHS = (
					"$(inherited)",
					"@executable_path/../Frameworks",
				);
				MARKETING_VERSION = 1.0;
				PRODUCT_BUNDLE_IDENTIFIER = com.dominikrudzki..IPTracer;
				PRODUCT_NAME = "$(TARGET_NAME)";
				SWIFT_EMIT_LOC_STRINGS = YES;
				SWIFT_VERSION = 5.0;
			};
			name = Release;
		};
		B447E8392AD0872300921C5F /* Debug */ = {
			isa = XCBuildConfiguration;
			buildSettings = {
				ASSETCATALOG_COMPILER_GLOBAL_ACCENT_COLOR_NAME = AccentColor;
				ASSETCATALOG_COMPILER_WIDGET_BACKGROUND_COLOR_NAME = WidgetBackground;
				CODE_SIGN_ENTITLEMENTS = IPTracerWidget/IPTracerWidget.entitlements;
				CODE_SIGN_STYLE = Automatic;
				CURRENT_PROJECT_VERSION = 1;
				DEVELOPMENT_TEAM = 5R2BYUYG9K;
				ENABLE_HARDENED_RUNTIME = YES;
				GENERATE_INFOPLIST_FILE = YES;
				INFOPLIST_FILE = IPTracerWidget/Info.plist;
				INFOPLIST_KEY_CFBundleDisplayName = IPTracerWidget;
				INFOPLIST_KEY_NSHumanReadableCopyright = "";
				LD_RUNPATH_SEARCH_PATHS = (
					"$(inherited)",
					"@executable_path/../Frameworks",
					"@executable_path/../../../../Frameworks",
				);
				MARKETING_VERSION = 1.0;
				PRODUCT_BUNDLE_IDENTIFIER = com.dominikrudzki..IPTracer.IPTracerWidget;
				PRODUCT_NAME = "$(TARGET_NAME)";
				SKIP_INSTALL = YES;
				SWIFT_EMIT_LOC_STRINGS = YES;
				SWIFT_VERSION = 5.0;
			};
			name = Debug;
		};
		B447E83A2AD0872300921C5F /* Release */ = {
			isa = XCBuildConfiguration;
			buildSettings = {
				ASSETCATALOG_COMPILER_GLOBAL_ACCENT_COLOR_NAME = AccentColor;
				ASSETCATALOG_COMPILER_WIDGET_BACKGROUND_COLOR_NAME = WidgetBackground;
				CODE_SIGN_ENTITLEMENTS = IPTracerWidget/IPTracerWidget.entitlements;
				CODE_SIGN_STYLE = Automatic;
				CURRENT_PROJECT_VERSION = 1;
				DEVELOPMENT_TEAM = 5R2BYUYG9K;
				ENABLE_HARDENED_RUNTIME = YES;
				GENERATE_INFOPLIST_FILE = YES;
				INFOPLIST_FILE = IPTracerWidget/Info.plist;
				INFOPLIST_KEY_CFBundleDisplayName = IPTracerWidget;
				INFOPLIST_KEY_NSHumanReadableCopyright = "";
				LD_RUNPATH_SEARCH_PATHS = (
					"$(inherited)",
					"@executable_path/../Frameworks",
					"@executable_path/../../../../Frameworks",
				);
				MARKETING_VERSION = 1.0;
				PRODUCT_BUNDLE_IDENTIFIER = com.dominikrudzki..IPTracer.IPTracerWidget;
				PRODUCT_NAME = "$(TARGET_NAME)";
				SKIP_INSTALL = YES;
				SWIFT_EMIT_LOC_STRINGS = YES;
				SWIFT_VERSION = 5.0;
			};
			name = Release;
		};
/* End XCBuildConfiguration section */

/* Begin XCConfigurationList section */
		B447E7F12AD0845C00921C5F /* Build configuration list for PBXProject "IPTracer" */ = {
			isa = XCConfigurationList;
			buildConfigurations = (
				B447E8032AD0845E00921C5F /* Debug */,
				B447E8042AD0845E00921C5F /* Release */,
			);
			defaultConfigurationIsVisible = 0;
			defaultConfigurationName = Release;
		};
		B447E8052AD0845E00921C5F /* Build configuration list for PBXNativeTarget "IPTracer" */ = {
			isa = XCConfigurationList;
			buildConfigurations = (
				B447E8062AD0845E00921C5F /* Debug */,
				B447E8072AD0845E00921C5F /* Release */,
			);
			defaultConfigurationIsVisible = 0;
			defaultConfigurationName = Release;
		};
		B447E83B2AD0872300921C5F /* Build configuration list for PBXNativeTarget "IPTracerWidgetExtension" */ = {
			isa = XCConfigurationList;
			buildConfigurations = (
				B447E8392AD0872300921C5F /* Debug */,
				B447E83A2AD0872300921C5F /* Release */,
			);
			defaultConfigurationIsVisible = 0;
			defaultConfigurationName = Release;
		};
/* End XCConfigurationList section */
	};
	rootObject = B447E7EE2AD0845C00921C5F /* Project object */;
}
